
Microsoft Visual Studio Solution File, Format Version 12.00
# Visual Studio Version 17
VisualStudioVersion = 17.5.33516.290
MinimumVisualStudioVersion = 10.0.40219.1
Project("{FAE04EC0-301F-11D3-BF4B-00C04F79EFBC}") = "BindingProject.UI", "BindingProject.UI.csproj", "{2C3C8961-A480-4A99-B557-734ACF5DA32F}"
EndProject
Project("{FAE04EC0-301F-11D3-BF4B-00C04F79EFBC}") = "BindingSourceNETFramework.Lib", "..\BindingSourceNETFramework.Lib\BindingSourceNETFramework.Lib.csproj", "{AD8BECD7-14DE-43FC-874B-78FEC6572C63}"
EndProject
Global
	GlobalSection(SolutionConfigurationPlatforms) = preSolution
		Debug|Any CPU = Debug|Any CPU
		Release|Any CPU = Release|Any CPU
	EndGlobalSection
	GlobalSection(ProjectConfigurationPlatforms) = postSolution
		{2C3C8961-A480-4A99-B557-734ACF5DA32F}.Debug|Any CPU.ActiveCfg = Debug|Any CPU
		{2C3C8961-A480-4A99-B557-734ACF5DA32F}.Debug|Any CPU.Build.0 = Debug|Any CPU
		{2C3C8961-A480-4A99-B557-734ACF5DA32F}.Release|Any CPU.ActiveCfg = Release|Any CPU
		{2C3C8961-A480-4A99-B557-734ACF5DA32F}.Release|Any CPU.Build.0 = Release|Any CPU
		{AD8BECD7-14DE-43FC-874B-78FEC6572C63}.Debug|Any CPU.ActiveCfg = Debug|Any CPU
		{AD8BECD7-14DE-43FC-874B-78FEC6572C63}.Debug|Any CPU.Build.0 = Debug|Any CPU
		{AD8BECD7-14DE-43FC-874B-78FEC6572C63}.Release|Any CPU.ActiveCfg = Release|Any CPU
		{AD8BECD7-14DE-43FC-874B-78FEC6572C63}.Release|Any CPU.Build.0 = Release|Any CPU
	EndGlobalSection
	GlobalSection(SolutionProperties) = preSolution
		HideSolutionNode = FALSE
	EndGlobalSection
	GlobalSection(ExtensibilityGlobals) = postSolution
		SolutionGuid = {B2ED761A-9943-4BA3-9A99-5BEF94D6A350}
	EndGlobalSection
EndGlobal
